
Microsoft Visual Studio Solution File, Format Version 11.00
# Visual Studio 2010
Project("{FAE04EC0-301F-11D3-BF4B-00C04F79EFBC}") = "iPrint", "iPrintWizard\iPrint.csproj", "{416330FB-D1E1-4703-99CC-4D74A6BD8541}"
EndProject
Global
	GlobalSection(SolutionConfigurationPlatforms) = preSolution
		Debug|Any CPU = Debug|Any CPU
		Release|Any CPU = Release|Any CPU
	EndGlobalSection
	GlobalSection(ProjectConfigurationPlatforms) = postSolution
		{416330FB-D1E1-4703-99CC-4D74A6BD8541}.Debug|Any CPU.ActiveCfg = Debug|Any CPU
		{416330FB-D1E1-4703-99CC-4D74A6BD8541}.Debug|Any CPU.Build.0 = Debug|Any CPU
		{416330FB-D1E1-4703-99CC-4D74A6BD8541}.Release|Any CPU.ActiveCfg = Release|Any CPU
		{416330FB-D1E1-4703-99CC-4D74A6BD8541}.Release|Any CPU.Build.0 = Release|Any CPU
	EndGlobalSection
	GlobalSection(SolutionProperties) = preSolution
		HideSolutionNode = FALSE
	EndGlobalSection
EndGlobal
